
Microsoft Visual Studio Solution File, Format Version 12.00
# Visual Studio Version 16
VisualStudioVersion = 16.0.29215.179
MinimumVisualStudioVersion = 10.0.40219.1
Project("{8BC9CEB8-8B4A-11D0-8D11-00A0C91BC942}") = "MainTask", "MainTask\MainTask.vcxproj", "{5D41A83F-1DDE-47A7-9ECE-2745C2D5F0B7}"
EndProject
Project("{8BC9CEB8-8B4A-11D0-8D11-00A0C91BC942}") = "Test01Project", "Test01Project\Test01Project.vcxproj", "{91D9033D-18B0-4F0F-A8FF-EB26B3A65896}"
EndProject
Project("{8BC9CEB8-8B4A-11D0-8D11-00A0C91BC942}") = "IntegerProject", "IntegerProject\IntegerProject.vcxproj", "{32FBB1BB-BE94-4933-843A-B4B4D8E72E16}"
EndProject
Project("{8BC9CEB8-8B4A-11D0-8D11-00A0C91BC942}") = "ADSProject", "ADSProject\ADSProject.vcxproj", "{EC778EFA-A708-497C-A178-F86A332FB4AE}"
EndProject
Project("{8BC9CEB8-8B4A-11D0-8D11-00A0C91BC942}") = "PointProject", "PointProject\PointProject.vcxproj", "{AFA731B7-6423-40A1-A37D-E3FC2839B64D}"
EndProject
Project("{8BC9CEB8-8B4A-11D0-8D11-00A0C91BC942}") = "AnimalProject", "AnimalProject\AnimalProject.vcxproj", "{F8A85627-2D81-4BE0-A699-EF57E5EC641E}"
EndProject
Project("{8BC9CEB8-8B4A-11D0-8D11-00A0C91BC942}") = "TransportProject", "TransportProject\TransportProject.vcxproj", "{44673493-32BE-418B-9FD7-E5DDD0AFB4D3}"
EndProject
Global
	GlobalSection(SolutionConfigurationPlatforms) = preSolution
		Debug|x64 = Debug|x64
		Debug|x86 = Debug|x86
		Release|x64 = Release|x64
		Release|x86 = Release|x86
	EndGlobalSection
	GlobalSection(ProjectConfigurationPlatforms) = postSolution
		{5D41A83F-1DDE-47A7-9ECE-2745C2D5F0B7}.Debug|x64.ActiveCfg = Debug|x64
		{5D41A83F-1DDE-47A7-9ECE-2745C2D5F0B7}.Debug|x64.Build.0 = Debug|x64
		{5D41A83F-1DDE-47A7-9ECE-2745C2D5F0B7}.Debug|x86.ActiveCfg = Debug|Win32
		{5D41A83F-1DDE-47A7-9ECE-2745C2D5F0B7}.Debug|x86.Build.0 = Debug|Win32
		{5D41A83F-1DDE-47A7-9ECE-2745C2D5F0B7}.Release|x64.ActiveCfg = Release|x64
		{5D41A83F-1DDE-47A7-9ECE-2745C2D5F0B7}.Release|x64.Build.0 = Release|x64
		{5D41A83F-1DDE-47A7-9ECE-2745C2D5F0B7}.Release|x86.ActiveCfg = Release|Win32
		{5D41A83F-1DDE-47A7-9ECE-2745C2D5F0B7}.Release|x86.Build.0 = Release|Win32
		{91D9033D-18B0-4F0F-A8FF-EB26B3A65896}.Debug|x64.ActiveCfg = Debug|x64
		{91D9033D-18B0-4F0F-A8FF-EB26B3A65896}.Debug|x64.Build.0 = Debug|x64
		{91D9033D-18B0-4F0F-A8FF-EB26B3A65896}.Debug|x86.ActiveCfg = Debug|Win32
		{91D9033D-18B0-4F0F-A8FF-EB26B3A65896}.Debug|x86.Build.0 = Debug|Win32
		{91D9033D-18B0-4F0F-A8FF-EB26B3A65896}.Release|x64.ActiveCfg = Release|x64
		{91D9033D-18B0-4F0F-A8FF-EB26B3A65896}.Release|x64.Build.0 = Release|x64
		{91D9033D-18B0-4F0F-A8FF-EB26B3A65896}.Release|x86.ActiveCfg = Release|Win32
		{91D9033D-18B0-4F0F-A8FF-EB26B3A65896}.Release|x86.Build.0 = Release|Win32
		{32FBB1BB-BE94-4933-843A-B4B4D8E72E16}.Debug|x64.ActiveCfg = Debug|x64
		{32FBB1BB-BE94-4933-843A-B4B4D8E72E16}.Debug|x64.Build.0 = Debug|x64
		{32FBB1BB-BE94-4933-843A-B4B4D8E72E16}.Debug|x86.ActiveCfg = Debug|Win32
		{32FBB1BB-BE94-4933-843A-B4B4D8E72E16}.Debug|x86.Build.0 = Debug|Win32
		{32FBB1BB-BE94-4933-843A-B4B4D8E72E16}.Release|x64.ActiveCfg = Release|x64
		{32FBB1BB-BE94-4933-843A-B4B4D8E72E16}.Release|x64.Build.0 = Release|x64
		{32FBB1BB-BE94-4933-843A-B4B4D8E72E16}.Release|x86.ActiveCfg = Release|Win32
		{32FBB1BB-BE94-4933-843A-B4B4D8E72E16}.Release|x86.Build.0 = Release|Win32
		{EC778EFA-A708-497C-A178-F86A332FB4AE}.Debug|x64.ActiveCfg = Debug|x64
		{EC778EFA-A708-497C-A178-F86A332FB4AE}.Debug|x64.Build.0 = Debug|x64
		{EC778EFA-A708-497C-A178-F86A332FB4AE}.Debug|x86.ActiveCfg = Debug|Win32
		{EC778EFA-A708-497C-A178-F86A332FB4AE}.Debug|x86.Build.0 = Debug|Win32
		{EC778EFA-A708-497C-A178-F86A332FB4AE}.Release|x64.ActiveCfg = Release|x64
		{EC778EFA-A708-497C-A178-F86A332FB4AE}.Release|x64.Build.0 = Release|x64
		{EC778EFA-A708-497C-A178-F86A332FB4AE}.Release|x86.ActiveCfg = Release|Win32
		{EC778EFA-A708-497C-A178-F86A332FB4AE}.Release|x86.Build.0 = Release|Win32
		{AFA731B7-6423-40A1-A37D-E3FC2839B64D}.Debug|x64.ActiveCfg = Debug|x64
		{AFA731B7-6423-40A1-A37D-E3FC2839B64D}.Debug|x64.Build.0 = Debug|x64
		{AFA731B7-6423-40A1-A37D-E3FC2839B64D}.Debug|x86.ActiveCfg = Debug|Win32
		{AFA731B7-6423-40A1-A37D-E3FC2839B64D}.Debug|x86.Build.0 = Debug|Win32
		{AFA731B7-6423-40A1-A37D-E3FC2839B64D}.Release|x64.ActiveCfg = Release|x64
		{AFA731B7-6423-40A1-A37D-E3FC2839B64D}.Release|x64.Build.0 = Release|x64
		{AFA731B7-6423-40A1-A37D-E3FC2839B64D}.Release|x86.ActiveCfg = Release|Win32
		{AFA731B7-6423-40A1-A37D-E3FC2839B64D}.Release|x86.Build.0 = Release|Win32
		{F8A85627-2D81-4BE0-A699-EF57E5EC641E}.Debug|x64.ActiveCfg = Debug|x64
		{F8A85627-2D81-4BE0-A699-EF57E5EC641E}.Debug|x64.Build.0 = Debug|x64
		{F8A85627-2D81-4BE0-A699-EF57E5EC641E}.Debug|x86.ActiveCfg = Debug|Win32
		{F8A85627-2D81-4BE0-A699-EF57E5EC641E}.Debug|x86.Build.0 = Debug|Win32
		{F8A85627-2D81-4BE0-A699-EF57E5EC641E}.Release|x64.ActiveCfg = Release|x64
		{F8A85627-2D81-4BE0-A699-EF57E5EC641E}.Release|x64.Build.0 = Release|x64
		{F8A85627-2D81-4BE0-A699-EF57E5EC641E}.Release|x86.ActiveCfg = Release|Win32
		{F8A85627-2D81-4BE0-A699-EF57E5EC641E}.Release|x86.Build.0 = Release|Win32
		{44673493-32BE-418B-9FD7-E5DDD0AFB4D3}.Debug|x64.ActiveCfg = Debug|x64
		{44673493-32BE-418B-9FD7-E5DDD0AFB4D3}.Debug|x64.Build.0 = Debug|x64
		{44673493-32BE-418B-9FD7-E5DDD0AFB4D3}.Debug|x86.ActiveCfg = Debug|Win32
		{44673493-32BE-418B-9FD7-E5DDD0AFB4D3}.Debug|x86.Build.0 = Debug|Win32
		{44673493-32BE-418B-9FD7-E5DDD0AFB4D3}.Release|x64.ActiveCfg = Release|x64
		{44673493-32BE-418B-9FD7-E5DDD0AFB4D3}.Release|x64.Build.0 = Release|x64
		{44673493-32BE-418B-9FD7-E5DDD0AFB4D3}.Release|x86.ActiveCfg = Release|Win32
		{44673493-32BE-418B-9FD7-E5DDD0AFB4D3}.Release|x86.Build.0 = Release|Win32
	EndGlobalSection
	GlobalSection(SolutionProperties) = preSolution
		HideSolutionNode = FALSE
	EndGlobalSection
	GlobalSection(ExtensibilityGlobals) = postSolution
		SolutionGuid = {56B06295-7861-4490-AE1A-B1A19C60EBBD}
	EndGlobalSection
EndGlobal
